// !$*UTF8*$!
{
	archiveVersion = 1;
	classes = {
	};
	objectVersion = 56;
	objects = {

/* Begin PBXBuildFile section */
		873333122B02C45B00418ECB /* FirebaseDatabase in Frameworks */ = {isa = PBXBuildFile; productRef = 873333112B02C45B00418ECB /* FirebaseDatabase */; };
		873333142B02C46E00418ECB /* GoogleSignIn in Frameworks */ = {isa = PBXBuildFile; productRef = 873333132B02C46E00418ECB /* GoogleSignIn */; };
		873333162B02C4A200418ECB /* GoogleSignInSwift in Frameworks */ = {isa = PBXBuildFile; productRef = 873333152B02C4A200418ECB /* GoogleSignInSwift */; };
		873437CF2B1AB67C003C267E /* FirebaseAuth in Frameworks */ = {isa = PBXBuildFile; productRef = 873437CE2B1AB67C003C267E /* FirebaseAuth */; };
		873437D12B1AB680003C267E /* FirebaseAuth in Frameworks */ = {isa = PBXBuildFile; productRef = 873437D02B1AB680003C267E /* FirebaseAuth */; };
		87401F0D2B02FA7600002639 /* RiderTests.swift in Sources */ = {isa = PBXBuildFile; fileRef = 87401F0C2B02FA7600002639 /* RiderTests.swift */; };
		874BCB432B09C612009758A6 /* AdminViewUI.swift in Sources */ = {isa = PBXBuildFile; fileRef = 874BCB422B09C612009758A6 /* AdminViewUI.swift */; };
		A844CE872ACE0A6200EC44C2 /* GoogleSignIn in Frameworks */ = {isa = PBXBuildFile; productRef = A844CE862ACE0A6200EC44C2 /* GoogleSignIn */; };
		A844CE892ACE0A6200EC44C2 /* GoogleSignInSwift in Frameworks */ = {isa = PBXBuildFile; productRef = A844CE882ACE0A6200EC44C2 /* GoogleSignInSwift */; };
		A844CE8E2ACE0EEA00EC44C2 /* Application.swift in Sources */ = {isa = PBXBuildFile; fileRef = A844CE8D2ACE0EEA00EC44C2 /* Application.swift */; };
		A858D2882ACDADB500A17CCD /* VccRideApp.swift in Sources */ = {isa = PBXBuildFile; fileRef = A858D2872ACDADB500A17CCD /* VccRideApp.swift */; };
		A858D28C2ACDADC700A17CCD /* Assets.xcassets in Resources */ = {isa = PBXBuildFile; fileRef = A858D28B2ACDADC700A17CCD /* Assets.xcassets */; };
		A858D28F2ACDADC700A17CCD /* Preview Assets.xcassets in Resources */ = {isa = PBXBuildFile; fileRef = A858D28E2ACDADC700A17CCD /* Preview Assets.xcassets */; };
		A858D29F2ACDC6C000A17CCD /* FirebaseAnalytics in Frameworks */ = {isa = PBXBuildFile; productRef = A858D29E2ACDC6C000A17CCD /* FirebaseAnalytics */; };
		A858D2A12ACDC6C000A17CCD /* FirebaseAnalyticsOnDeviceConversion in Frameworks */ = {isa = PBXBuildFile; productRef = A858D2A02ACDC6C000A17CCD /* FirebaseAnalyticsOnDeviceConversion */; };
		A858D2A32ACDC6C000A17CCD /* FirebaseAnalyticsSwift in Frameworks */ = {isa = PBXBuildFile; productRef = A858D2A22ACDC6C000A17CCD /* FirebaseAnalyticsSwift */; };
		A858D2A52ACDC6C000A17CCD /* FirebaseAnalyticsWithoutAdIdSupport in Frameworks */ = {isa = PBXBuildFile; productRef = A858D2A42ACDC6C000A17CCD /* FirebaseAnalyticsWithoutAdIdSupport */; };
		A858D2A72ACDC6C000A17CCD /* FirebaseAppCheck in Frameworks */ = {isa = PBXBuildFile; productRef = A858D2A62ACDC6C000A17CCD /* FirebaseAppCheck */; };
		A858D2A92ACDC6C000A17CCD /* FirebaseAppDistribution-Beta in Frameworks */ = {isa = PBXBuildFile; productRef = A858D2A82ACDC6C000A17CCD /* FirebaseAppDistribution-Beta */; };
		A858D2AB2ACDC6C000A17CCD /* FirebaseAuth in Frameworks */ = {isa = PBXBuildFile; productRef = A858D2AA2ACDC6C000A17CCD /* FirebaseAuth */; };
		A858D2AD2ACDC6C000A17CCD /* FirebaseAuthCombine-Community in Frameworks */ = {isa = PBXBuildFile; productRef = A858D2AC2ACDC6C000A17CCD /* FirebaseAuthCombine-Community */; };
		A858D2AF2ACDC6C000A17CCD /* FirebaseCrashlytics in Frameworks */ = {isa = PBXBuildFile; productRef = A858D2AE2ACDC6C000A17CCD /* FirebaseCrashlytics */; };
		A858D2B12ACDC6C000A17CCD /* FirebaseDatabase in Frameworks */ = {isa = PBXBuildFile; productRef = A858D2B02ACDC6C000A17CCD /* FirebaseDatabase */; };
		A858D2B32ACDC6C000A17CCD /* FirebaseDatabaseSwift in Frameworks */ = {isa = PBXBuildFile; productRef = A858D2B22ACDC6C000A17CCD /* FirebaseDatabaseSwift */; };
		A858D2B52ACDC6C000A17CCD /* FirebaseDynamicLinks in Frameworks */ = {isa = PBXBuildFile; productRef = A858D2B42ACDC6C000A17CCD /* FirebaseDynamicLinks */; };
		A858D2B72ACDC6C000A17CCD /* FirebaseFirestore in Frameworks */ = {isa = PBXBuildFile; productRef = A858D2B62ACDC6C000A17CCD /* FirebaseFirestore */; };
		A858D2B92ACDC6C000A17CCD /* FirebaseFirestoreCombine-Community in Frameworks */ = {isa = PBXBuildFile; productRef = A858D2B82ACDC6C000A17CCD /* FirebaseFirestoreCombine-Community */; };
		A858D2BB2ACDC6C000A17CCD /* FirebaseFirestoreSwift in Frameworks */ = {isa = PBXBuildFile; productRef = A858D2BA2ACDC6C000A17CCD /* FirebaseFirestoreSwift */; };
		A858D2BD2ACDC6C000A17CCD /* FirebaseFunctions in Frameworks */ = {isa = PBXBuildFile; productRef = A858D2BC2ACDC6C000A17CCD /* FirebaseFunctions */; };
		A858D2BF2ACDC6C000A17CCD /* FirebaseFunctionsCombine-Community in Frameworks */ = {isa = PBXBuildFile; productRef = A858D2BE2ACDC6C000A17CCD /* FirebaseFunctionsCombine-Community */; };
		A858D2C12ACDC6C000A17CCD /* FirebaseInAppMessaging-Beta in Frameworks */ = {isa = PBXBuildFile; productRef = A858D2C02ACDC6C000A17CCD /* FirebaseInAppMessaging-Beta */; };
		A858D2C32ACDC6C000A17CCD /* FirebaseInAppMessagingSwift-Beta in Frameworks */ = {isa = PBXBuildFile; productRef = A858D2C22ACDC6C000A17CCD /* FirebaseInAppMessagingSwift-Beta */; };
		A858D2C52ACDC6C000A17CCD /* FirebaseInstallations in Frameworks */ = {isa = PBXBuildFile; productRef = A858D2C42ACDC6C000A17CCD /* FirebaseInstallations */; };
		A858D2C72ACDC6C000A17CCD /* FirebaseMLModelDownloader in Frameworks */ = {isa = PBXBuildFile; productRef = A858D2C62ACDC6C000A17CCD /* FirebaseMLModelDownloader */; };
		A858D2C92ACDC6C000A17CCD /* FirebaseMessaging in Frameworks */ = {isa = PBXBuildFile; productRef = A858D2C82ACDC6C000A17CCD /* FirebaseMessaging */; };
		A858D2CB2ACDC6C000A17CCD /* FirebasePerformance in Frameworks */ = {isa = PBXBuildFile; productRef = A858D2CA2ACDC6C000A17CCD /* FirebasePerformance */; };
		A858D2CD2ACDC6C000A17CCD /* FirebaseRemoteConfig in Frameworks */ = {isa = PBXBuildFile; productRef = A858D2CC2ACDC6C000A17CCD /* FirebaseRemoteConfig */; };
		A858D2CF2ACDC6C000A17CCD /* FirebaseRemoteConfigSwift in Frameworks */ = {isa = PBXBuildFile; productRef = A858D2CE2ACDC6C000A17CCD /* FirebaseRemoteConfigSwift */; };
		A858D2D12ACDC6C100A17CCD /* FirebaseStorage in Frameworks */ = {isa = PBXBuildFile; productRef = A858D2D02ACDC6C100A17CCD /* FirebaseStorage */; };
		A858D2D32ACDC6C100A17CCD /* FirebaseStorageCombine-Community in Frameworks */ = {isa = PBXBuildFile; productRef = A858D2D22ACDC6C100A17CCD /* FirebaseStorageCombine-Community */; };
		A858D2D52ACDC73F00A17CCD /* FirebaseUtil.swift in Sources */ = {isa = PBXBuildFile; fileRef = A858D2D42ACDC73F00A17CCD /* FirebaseUtil.swift */; };
		A858D2D72ACDCD5F00A17CCD /* ImagePickerView.swift in Sources */ = {isa = PBXBuildFile; fileRef = A858D2D62ACDCD5F00A17CCD /* ImagePickerView.swift */; };
		D71B9E112AD053FF00144928 /* AdminView.swift in Sources */ = {isa = PBXBuildFile; fileRef = D71B9E102AD053FF00144928 /* AdminView.swift */; };
		D71B9E162AD058DA00144928 /* DriverView.swift in Sources */ = {isa = PBXBuildFile; fileRef = D71B9E152AD058DA00144928 /* DriverView.swift */; };
		D71B9E182AD058E100144928 /* RiderView.swift in Sources */ = {isa = PBXBuildFile; fileRef = D71B9E172AD058E100144928 /* RiderView.swift */; };
		D71B9E1D2AD05C3A00144928 /* CalendarView.swift in Sources */ = {isa = PBXBuildFile; fileRef = D71B9E1C2AD05C3A00144928 /* CalendarView.swift */; };
		D71B9E1F2AD05C4100144928 /* StatsView.swift in Sources */ = {isa = PBXBuildFile; fileRef = D71B9E1E2AD05C4100144928 /* StatsView.swift */; };
		D71B9E232AD0732800144928 /* LoginView.swift in Sources */ = {isa = PBXBuildFile; fileRef = D71B9E222AD0732800144928 /* LoginView.swift */; };
		D71B9E252AD09C5400144928 /* GoogleService-Info.plist in Resources */ = {isa = PBXBuildFile; fileRef = D71B9E242AD09C5400144928 /* GoogleService-Info.plist */; };
		D72538AA2B19233E00CE1B73 /* SettingsView.swift in Sources */ = {isa = PBXBuildFile; fileRef = D72538A92B19233E00CE1B73 /* SettingsView.swift */; };
		D72538AC2B1A697D00CE1B73 /* AttendanceFormView.swift in Sources */ = {isa = PBXBuildFile; fileRef = D72538AB2B1A697D00CE1B73 /* AttendanceFormView.swift */; };
		D73273B32ADE1C6600F5DA44 /* DailyViewModel.swift in Sources */ = {isa = PBXBuildFile; fileRef = D73273B22ADE1C6600F5DA44 /* DailyViewModel.swift */; };
		D771DECC2ACF561400E79153 /* ContentView.swift in Sources */ = {isa = PBXBuildFile; fileRef = A858D2972ACDAFFD00A17CCD /* ContentView.swift */; };
		D771DED22ACF575C00E79153 /* MainView.swift in Sources */ = {isa = PBXBuildFile; fileRef = D771DED12ACF575C00E79153 /* MainView.swift */; };
		D792DB252AF42769003D2E8E /* ListDriversView.swift in Sources */ = {isa = PBXBuildFile; fileRef = D792DB242AF42769003D2E8E /* ListDriversView.swift */; };
		D792DB2A2AF45BAB003D2E8E /* StartupScreen.swift in Sources */ = {isa = PBXBuildFile; fileRef = D792DB292AF45BAB003D2E8E /* StartupScreen.swift */; };
		D79C3FA42B1D6847002BECD1 /* DriverModel.swift in Sources */ = {isa = PBXBuildFile; fileRef = D79C3FA32B1D6847002BECD1 /* DriverModel.swift */; };
		D7A0B1272AD7252500FC5AAC /* SignInJailView.swift in Sources */ = {isa = PBXBuildFile; fileRef = D7A0B1262AD7252500FC5AAC /* SignInJailView.swift */; };
		D7A1EAFC2AD2569C0075A4B2 /* AdminCalendar.swift in Sources */ = {isa = PBXBuildFile; fileRef = D7A1EAFB2AD2569C0075A4B2 /* AdminCalendar.swift */; };
		D7B65D982AD25BCE00D2701B /* UserViewModel.swift in Sources */ = {isa = PBXBuildFile; fileRef = D7B65D972AD25BCE00D2701B /* UserViewModel.swift */; };
		D7B65DA82AD5A5F200D2701B /* AdminPeopleView.swift in Sources */ = {isa = PBXBuildFile; fileRef = D7B65DA72AD5A5F200D2701B /* AdminPeopleView.swift */; };
		D7C99FB62B17F38A0056C5A9 /* NoPracticeView.swift in Sources */ = {isa = PBXBuildFile; fileRef = D7C99FB52B17F38A0056C5A9 /* NoPracticeView.swift */; };
/* End PBXBuildFile section */

/* Begin PBXContainerItemProxy section */
		874BCB3B2B09C348009758A6 /* PBXContainerItemProxy */ = {
			isa = PBXContainerItemProxy;
			containerPortal = A858D27C2ACDADB500A17CCD /* Project object */;
			proxyType = 1;
			remoteGlobalIDString = A858D2832ACDADB500A17CCD;
			remoteInfo = VccRide;
		};
		D7C8655C2AF14FFB00DFFE52 /* PBXContainerItemProxy */ = {
			isa = PBXContainerItemProxy;
			containerPortal = A858D27C2ACDADB500A17CCD /* Project object */;
			proxyType = 1;
			remoteGlobalIDString = A858D2832ACDADB500A17CCD;
			remoteInfo = VccRide;
		};
/* End PBXContainerItemProxy section */

/* Begin PBXFileReference section */
		87401F0C2B02FA7600002639 /* RiderTests.swift */ = {isa = PBXFileReference; lastKnownFileType = sourcecode.swift; path = RiderTests.swift; sourceTree = "<group>"; };
		874BCB352B09C348009758A6 /* VccRideUITests.xctest */ = {isa = PBXFileReference; explicitFileType = wrapper.cfbundle; includeInIndex = 0; path = VccRideUITests.xctest; sourceTree = BUILT_PRODUCTS_DIR; };
		874BCB412B09C48C009758A6 /* TestPlan.xctestplan */ = {isa = PBXFileReference; lastKnownFileType = text; path = TestPlan.xctestplan; sourceTree = "<group>"; };
		874BCB422B09C612009758A6 /* AdminViewUI.swift */ = {isa = PBXFileReference; lastKnownFileType = sourcecode.swift; path = AdminViewUI.swift; sourceTree = "<group>"; };
		A844CE8C2ACE0B6700EC44C2 /* Info.plist */ = {isa = PBXFileReference; lastKnownFileType = text.plist.xml; path = Info.plist; sourceTree = "<group>"; };
		A844CE8D2ACE0EEA00EC44C2 /* Application.swift */ = {isa = PBXFileReference; lastKnownFileType = sourcecode.swift; path = Application.swift; sourceTree = "<group>"; };
		A858D2842ACDADB500A17CCD /* VccRide.app */ = {isa = PBXFileReference; explicitFileType = wrapper.application; includeInIndex = 0; path = VccRide.app; sourceTree = BUILT_PRODUCTS_DIR; };
		A858D2872ACDADB500A17CCD /* VccRideApp.swift */ = {isa = PBXFileReference; lastKnownFileType = sourcecode.swift; path = VccRideApp.swift; sourceTree = "<group>"; };
		A858D28B2ACDADC700A17CCD /* Assets.xcassets */ = {isa = PBXFileReference; lastKnownFileType = folder.assetcatalog; path = Assets.xcassets; sourceTree = "<group>"; };
		A858D28E2ACDADC700A17CCD /* Preview Assets.xcassets */ = {isa = PBXFileReference; lastKnownFileType = folder.assetcatalog; path = "Preview Assets.xcassets"; sourceTree = "<group>"; };
		A858D2972ACDAFFD00A17CCD /* ContentView.swift */ = {isa = PBXFileReference; lastKnownFileType = sourcecode.swift; path = ContentView.swift; sourceTree = "<group>"; };
		A858D2D42ACDC73F00A17CCD /* FirebaseUtil.swift */ = {isa = PBXFileReference; lastKnownFileType = sourcecode.swift; path = FirebaseUtil.swift; sourceTree = "<group>"; };
		A858D2D62ACDCD5F00A17CCD /* ImagePickerView.swift */ = {isa = PBXFileReference; lastKnownFileType = sourcecode.swift; path = ImagePickerView.swift; sourceTree = "<group>"; };
		D71B9E102AD053FF00144928 /* AdminView.swift */ = {isa = PBXFileReference; lastKnownFileType = sourcecode.swift; path = AdminView.swift; sourceTree = "<group>"; };
		D71B9E152AD058DA00144928 /* DriverView.swift */ = {isa = PBXFileReference; lastKnownFileType = sourcecode.swift; path = DriverView.swift; sourceTree = "<group>"; };
		D71B9E172AD058E100144928 /* RiderView.swift */ = {isa = PBXFileReference; lastKnownFileType = sourcecode.swift; path = RiderView.swift; sourceTree = "<group>"; };
		D71B9E1C2AD05C3A00144928 /* CalendarView.swift */ = {isa = PBXFileReference; lastKnownFileType = sourcecode.swift; path = CalendarView.swift; sourceTree = "<group>"; };
		D71B9E1E2AD05C4100144928 /* StatsView.swift */ = {isa = PBXFileReference; lastKnownFileType = sourcecode.swift; path = StatsView.swift; sourceTree = "<group>"; };
		D71B9E222AD0732800144928 /* LoginView.swift */ = {isa = PBXFileReference; lastKnownFileType = sourcecode.swift; path = LoginView.swift; sourceTree = "<group>"; };
		D71B9E242AD09C5400144928 /* GoogleService-Info.plist */ = {isa = PBXFileReference; fileEncoding = 4; lastKnownFileType = text.plist.xml; path = "GoogleService-Info.plist"; sourceTree = "<group>"; };
		D72538A92B19233E00CE1B73 /* SettingsView.swift */ = {isa = PBXFileReference; lastKnownFileType = sourcecode.swift; path = SettingsView.swift; sourceTree = "<group>"; };
		D72538AB2B1A697D00CE1B73 /* AttendanceFormView.swift */ = {isa = PBXFileReference; lastKnownFileType = sourcecode.swift; path = AttendanceFormView.swift; sourceTree = "<group>"; };
		D73273B22ADE1C6600F5DA44 /* DailyViewModel.swift */ = {isa = PBXFileReference; lastKnownFileType = sourcecode.swift; path = DailyViewModel.swift; sourceTree = "<group>"; };
		D771DED12ACF575C00E79153 /* MainView.swift */ = {isa = PBXFileReference; fileEncoding = 4; lastKnownFileType = sourcecode.swift; path = MainView.swift; sourceTree = "<group>"; };
		D792DB212AF3F78A003D2E8E /* VccRide.entitlements */ = {isa = PBXFileReference; lastKnownFileType = text.plist.entitlements; path = VccRide.entitlements; sourceTree = "<group>"; };
		D792DB242AF42769003D2E8E /* ListDriversView.swift */ = {isa = PBXFileReference; lastKnownFileType = sourcecode.swift; path = ListDriversView.swift; sourceTree = "<group>"; };
		D792DB292AF45BAB003D2E8E /* StartupScreen.swift */ = {isa = PBXFileReference; lastKnownFileType = sourcecode.swift; path = StartupScreen.swift; sourceTree = "<group>"; };
		D79C3FA32B1D6847002BECD1 /* DriverModel.swift */ = {isa = PBXFileReference; lastKnownFileType = sourcecode.swift; path = DriverModel.swift; sourceTree = "<group>"; };
		D7A0B1262AD7252500FC5AAC /* SignInJailView.swift */ = {isa = PBXFileReference; lastKnownFileType = sourcecode.swift; path = SignInJailView.swift; sourceTree = "<group>"; };
		D7A1EAFB2AD2569C0075A4B2 /* AdminCalendar.swift */ = {isa = PBXFileReference; lastKnownFileType = sourcecode.swift; path = AdminCalendar.swift; sourceTree = "<group>"; };
		D7B65D972AD25BCE00D2701B /* UserViewModel.swift */ = {isa = PBXFileReference; lastKnownFileType = sourcecode.swift; path = UserViewModel.swift; sourceTree = "<group>"; };
		D7B65DA72AD5A5F200D2701B /* AdminPeopleView.swift */ = {isa = PBXFileReference; lastKnownFileType = sourcecode.swift; path = AdminPeopleView.swift; sourceTree = "<group>"; };
		D7C865582AF14FFB00DFFE52 /* VccRideTests.xctest */ = {isa = PBXFileReference; explicitFileType = wrapper.cfbundle; includeInIndex = 0; path = VccRideTests.xctest; sourceTree = BUILT_PRODUCTS_DIR; };
		D7C99FB52B17F38A0056C5A9 /* NoPracticeView.swift */ = {isa = PBXFileReference; lastKnownFileType = sourcecode.swift; path = NoPracticeView.swift; sourceTree = "<group>"; };
/* End PBXFileReference section */

/* Begin PBXFrameworksBuildPhase section */
		874BCB322B09C348009758A6 /* Frameworks */ = {
			isa = PBXFrameworksBuildPhase;
			buildActionMask = 2147483647;
			files = (
				873437D12B1AB680003C267E /* FirebaseAuth in Frameworks */,
			);
			runOnlyForDeploymentPostprocessing = 0;
		};
		A858D2812ACDADB500A17CCD /* Frameworks */ = {
			isa = PBXFrameworksBuildPhase;
			buildActionMask = 2147483647;
			files = (
				A858D2B12ACDC6C000A17CCD /* FirebaseDatabase in Frameworks */,
				A858D2BF2ACDC6C000A17CCD /* FirebaseFunctionsCombine-Community in Frameworks */,
				A858D2B72ACDC6C000A17CCD /* FirebaseFirestore in Frameworks */,
				A858D2A32ACDC6C000A17CCD /* FirebaseAnalyticsSwift in Frameworks */,
				A858D29F2ACDC6C000A17CCD /* FirebaseAnalytics in Frameworks */,
				A858D2A12ACDC6C000A17CCD /* FirebaseAnalyticsOnDeviceConversion in Frameworks */,
				A858D2C72ACDC6C000A17CCD /* FirebaseMLModelDownloader in Frameworks */,
				A844CE892ACE0A6200EC44C2 /* GoogleSignInSwift in Frameworks */,
				A858D2BB2ACDC6C000A17CCD /* FirebaseFirestoreSwift in Frameworks */,
				A858D2A72ACDC6C000A17CCD /* FirebaseAppCheck in Frameworks */,
				A858D2A52ACDC6C000A17CCD /* FirebaseAnalyticsWithoutAdIdSupport in Frameworks */,
				A858D2AB2ACDC6C000A17CCD /* FirebaseAuth in Frameworks */,
				A858D2AF2ACDC6C000A17CCD /* FirebaseCrashlytics in Frameworks */,
				A858D2CF2ACDC6C000A17CCD /* FirebaseRemoteConfigSwift in Frameworks */,
				A844CE872ACE0A6200EC44C2 /* GoogleSignIn in Frameworks */,
				A858D2C12ACDC6C000A17CCD /* FirebaseInAppMessaging-Beta in Frameworks */,
				A858D2B32ACDC6C000A17CCD /* FirebaseDatabaseSwift in Frameworks */,
				A858D2BD2ACDC6C000A17CCD /* FirebaseFunctions in Frameworks */,
				A858D2D32ACDC6C100A17CCD /* FirebaseStorageCombine-Community in Frameworks */,
				A858D2CD2ACDC6C000A17CCD /* FirebaseRemoteConfig in Frameworks */,
				A858D2A92ACDC6C000A17CCD /* FirebaseAppDistribution-Beta in Frameworks */,
				A858D2AD2ACDC6C000A17CCD /* FirebaseAuthCombine-Community in Frameworks */,
				A858D2CB2ACDC6C000A17CCD /* FirebasePerformance in Frameworks */,
				A858D2C32ACDC6C000A17CCD /* FirebaseInAppMessagingSwift-Beta in Frameworks */,
				A858D2D12ACDC6C100A17CCD /* FirebaseStorage in Frameworks */,
				A858D2B52ACDC6C000A17CCD /* FirebaseDynamicLinks in Frameworks */,
				A858D2B92ACDC6C000A17CCD /* FirebaseFirestoreCombine-Community in Frameworks */,
				A858D2C92ACDC6C000A17CCD /* FirebaseMessaging in Frameworks */,
				A858D2C52ACDC6C000A17CCD /* FirebaseInstallations in Frameworks */,
			);
			runOnlyForDeploymentPostprocessing = 0;
		};
		D7C865552AF14FFB00DFFE52 /* Frameworks */ = {
			isa = PBXFrameworksBuildPhase;
			buildActionMask = 2147483647;
			files = (
				873333162B02C4A200418ECB /* GoogleSignInSwift in Frameworks */,
				873333122B02C45B00418ECB /* FirebaseDatabase in Frameworks */,
				873333142B02C46E00418ECB /* GoogleSignIn in Frameworks */,
				873437CF2B1AB67C003C267E /* FirebaseAuth in Frameworks */,
			);
			runOnlyForDeploymentPostprocessing = 0;
		};
/* End PBXFrameworksBuildPhase section */

/* Begin PBXGroup section */
		873333102B02C45B00418ECB /* Frameworks */ = {
			isa = PBXGroup;
			children = (
			);
			name = Frameworks;
			sourceTree = "<group>";
		};
		874BCB362B09C348009758A6 /* VccRideUITests */ = {
			isa = PBXGroup;
			children = (
				874BCB422B09C612009758A6 /* AdminViewUI.swift */,
			);
			path = VccRideUITests;
			sourceTree = "<group>";
		};
		A858D27B2ACDADB500A17CCD = {
			isa = PBXGroup;
			children = (
				874BCB412B09C48C009758A6 /* TestPlan.xctestplan */,
				A858D2862ACDADB500A17CCD /* VccRide */,
				D7C865592AF14FFB00DFFE52 /* VccRideTests */,
				874BCB362B09C348009758A6 /* VccRideUITests */,
				A858D2852ACDADB500A17CCD /* Products */,
				873333102B02C45B00418ECB /* Frameworks */,
			);
			sourceTree = "<group>";
		};
		A858D2852ACDADB500A17CCD /* Products */ = {
			isa = PBXGroup;
			children = (
				A858D2842ACDADB500A17CCD /* VccRide.app */,
				D7C865582AF14FFB00DFFE52 /* VccRideTests.xctest */,
				874BCB352B09C348009758A6 /* VccRideUITests.xctest */,
			);
			name = Products;
			sourceTree = "<group>";
		};
		A858D2862ACDADB500A17CCD /* VccRide */ = {
			isa = PBXGroup;
			children = (
				D792DB212AF3F78A003D2E8E /* VccRide.entitlements */,
				D71B9E192AD05C0D00144928 /* NavBar */,
				D71B9E142AD058CD00144928 /* Driver */,
				D71B9E132AD0586800144928 /* Rider */,
				D7CA928E2ACE38CF007C1994 /* Admin */,
				D71B9E122AD0579800144928 /* Utilities */,
				D792DB282AF45B5B003D2E8E /* Startup */,
				A858D2872ACDADB500A17CCD /* VccRideApp.swift */,
				D771DED12ACF575C00E79153 /* MainView.swift */,
				A858D2D62ACDCD5F00A17CCD /* ImagePickerView.swift */,
				A858D2972ACDAFFD00A17CCD /* ContentView.swift */,
				D71B9E242AD09C5400144928 /* GoogleService-Info.plist */,
				A844CE8C2ACE0B6700EC44C2 /* Info.plist */,
				A858D28B2ACDADC700A17CCD /* Assets.xcassets */,
				A858D28D2ACDADC700A17CCD /* Preview Content */,
			);
			path = VccRide;
			sourceTree = "<group>";
		};
		A858D28D2ACDADC700A17CCD /* Preview Content */ = {
			isa = PBXGroup;
			children = (
				A858D28E2ACDADC700A17CCD /* Preview Assets.xcassets */,
			);
			path = "Preview Content";
			sourceTree = "<group>";
		};
		D71B9E122AD0579800144928 /* Utilities */ = {
			isa = PBXGroup;
			children = (
				D73273B22ADE1C6600F5DA44 /* DailyViewModel.swift */,
				A858D2D42ACDC73F00A17CCD /* FirebaseUtil.swift */,
				A844CE8D2ACE0EEA00EC44C2 /* Application.swift */,
				D7B65D972AD25BCE00D2701B /* UserViewModel.swift */,
				D7C99FB52B17F38A0056C5A9 /* NoPracticeView.swift */,
				D72538AB2B1A697D00CE1B73 /* AttendanceFormView.swift */,
			);
			path = Utilities;
			sourceTree = "<group>";
		};
		D71B9E132AD0586800144928 /* Rider */ = {
			isa = PBXGroup;
			children = (
				D71B9E172AD058E100144928 /* RiderView.swift */,
			);
			path = Rider;
			sourceTree = "<group>";
		};
		D71B9E142AD058CD00144928 /* Driver */ = {
			isa = PBXGroup;
			children = (
				D71B9E152AD058DA00144928 /* DriverView.swift */,
				D79C3FA32B1D6847002BECD1 /* DriverModel.swift */,
			);
			path = Driver;
			sourceTree = "<group>";
		};
		D71B9E192AD05C0D00144928 /* NavBar */ = {
			isa = PBXGroup;
			children = (
				D71B9E1C2AD05C3A00144928 /* CalendarView.swift */,
				D71B9E1E2AD05C4100144928 /* StatsView.swift */,
				D72538A92B19233E00CE1B73 /* SettingsView.swift */,
			);
			path = NavBar;
			sourceTree = "<group>";
		};
		D792DB282AF45B5B003D2E8E /* Startup */ = {
			isa = PBXGroup;
			children = (
				D71B9E222AD0732800144928 /* LoginView.swift */,
				D7A0B1262AD7252500FC5AAC /* SignInJailView.swift */,
				D792DB292AF45BAB003D2E8E /* StartupScreen.swift */,
			);
			path = Startup;
			sourceTree = "<group>";
		};
		D7C865592AF14FFB00DFFE52 /* VccRideTests */ = {
			isa = PBXGroup;
			children = (
				87401F0C2B02FA7600002639 /* RiderTests.swift */,
			);
			path = VccRideTests;
			sourceTree = "<group>";
		};
		D7CA928E2ACE38CF007C1994 /* Admin */ = {
			isa = PBXGroup;
			children = (
				D7A1EAFB2AD2569C0075A4B2 /* AdminCalendar.swift */,
				D71B9E102AD053FF00144928 /* AdminView.swift */,
				D7B65DA72AD5A5F200D2701B /* AdminPeopleView.swift */,
				D792DB242AF42769003D2E8E /* ListDriversView.swift */,
			);
			path = Admin;
			sourceTree = "<group>";
		};
/* End PBXGroup section */

/* Begin PBXNativeTarget section */
		874BCB342B09C348009758A6 /* VccRideUITests */ = {
			isa = PBXNativeTarget;
			buildConfigurationList = 874BCB3F2B09C348009758A6 /* Build configuration list for PBXNativeTarget "VccRideUITests" */;
			buildPhases = (
				874BCB312B09C348009758A6 /* Sources */,
				874BCB322B09C348009758A6 /* Frameworks */,
				874BCB332B09C348009758A6 /* Resources */,
			);
			buildRules = (
			);
			dependencies = (
				874BCB3C2B09C348009758A6 /* PBXTargetDependency */,
			);
			name = VccRideUITests;
			packageProductDependencies = (
				873437D02B1AB680003C267E /* FirebaseAuth */,
			);
			productName = VccRideUITests;
			productReference = 874BCB352B09C348009758A6 /* VccRideUITests.xctest */;
			productType = "com.apple.product-type.bundle.ui-testing";
		};
		A858D2832ACDADB500A17CCD /* VccRide */ = {
			isa = PBXNativeTarget;
			buildConfigurationList = A858D2922ACDADC700A17CCD /* Build configuration list for PBXNativeTarget "VccRide" */;
			buildPhases = (
				A858D2802ACDADB500A17CCD /* Sources */,
				A858D2812ACDADB500A17CCD /* Frameworks */,
				A858D2822ACDADB500A17CCD /* Resources */,
			);
			buildRules = (
			);
			dependencies = (
			);
			name = VccRide;
			packageProductDependencies = (
				A858D29E2ACDC6C000A17CCD /* FirebaseAnalytics */,
				A858D2A02ACDC6C000A17CCD /* FirebaseAnalyticsOnDeviceConversion */,
				A858D2A22ACDC6C000A17CCD /* FirebaseAnalyticsSwift */,
				A858D2A42ACDC6C000A17CCD /* FirebaseAnalyticsWithoutAdIdSupport */,
				A858D2A62ACDC6C000A17CCD /* FirebaseAppCheck */,
				A858D2A82ACDC6C000A17CCD /* FirebaseAppDistribution-Beta */,
				A858D2AA2ACDC6C000A17CCD /* FirebaseAuth */,
				A858D2AC2ACDC6C000A17CCD /* FirebaseAuthCombine-Community */,
				A858D2AE2ACDC6C000A17CCD /* FirebaseCrashlytics */,
				A858D2B02ACDC6C000A17CCD /* FirebaseDatabase */,
				A858D2B22ACDC6C000A17CCD /* FirebaseDatabaseSwift */,
				A858D2B42ACDC6C000A17CCD /* FirebaseDynamicLinks */,
				A858D2B62ACDC6C000A17CCD /* FirebaseFirestore */,
				A858D2B82ACDC6C000A17CCD /* FirebaseFirestoreCombine-Community */,
				A858D2BA2ACDC6C000A17CCD /* FirebaseFirestoreSwift */,
				A858D2BC2ACDC6C000A17CCD /* FirebaseFunctions */,
				A858D2BE2ACDC6C000A17CCD /* FirebaseFunctionsCombine-Community */,
				A858D2C02ACDC6C000A17CCD /* FirebaseInAppMessaging-Beta */,
				A858D2C22ACDC6C000A17CCD /* FirebaseInAppMessagingSwift-Beta */,
				A858D2C42ACDC6C000A17CCD /* FirebaseInstallations */,
				A858D2C62ACDC6C000A17CCD /* FirebaseMLModelDownloader */,
				A858D2C82ACDC6C000A17CCD /* FirebaseMessaging */,
				A858D2CA2ACDC6C000A17CCD /* FirebasePerformance */,
				A858D2CC2ACDC6C000A17CCD /* FirebaseRemoteConfig */,
				A858D2CE2ACDC6C000A17CCD /* FirebaseRemoteConfigSwift */,
				A858D2D02ACDC6C100A17CCD /* FirebaseStorage */,
				A858D2D22ACDC6C100A17CCD /* FirebaseStorageCombine-Community */,
				A844CE862ACE0A6200EC44C2 /* GoogleSignIn */,
				A844CE882ACE0A6200EC44C2 /* GoogleSignInSwift */,
			);
			productName = FirebaseTest;
			productReference = A858D2842ACDADB500A17CCD /* VccRide.app */;
			productType = "com.apple.product-type.application";
		};
		D7C865572AF14FFB00DFFE52 /* VccRideTests */ = {
			isa = PBXNativeTarget;
			buildConfigurationList = D7C865602AF14FFB00DFFE52 /* Build configuration list for PBXNativeTarget "VccRideTests" */;
			buildPhases = (
				D7C865542AF14FFB00DFFE52 /* Sources */,
				D7C865552AF14FFB00DFFE52 /* Frameworks */,
				D7C865562AF14FFB00DFFE52 /* Resources */,
			);
			buildRules = (
			);
			dependencies = (
				D7C8655D2AF14FFB00DFFE52 /* PBXTargetDependency */,
			);
			name = VccRideTests;
			packageProductDependencies = (
				873333112B02C45B00418ECB /* FirebaseDatabase */,
				873333132B02C46E00418ECB /* GoogleSignIn */,
				873333152B02C4A200418ECB /* GoogleSignInSwift */,
				873437CE2B1AB67C003C267E /* FirebaseAuth */,
			);
			productName = VccRideTests;
			productReference = D7C865582AF14FFB00DFFE52 /* VccRideTests.xctest */;
			productType = "com.apple.product-type.bundle.unit-test";
		};
/* End PBXNativeTarget section */

/* Begin PBXProject section */
		A858D27C2ACDADB500A17CCD /* Project object */ = {
			isa = PBXProject;
			attributes = {
				BuildIndependentTargetsInParallel = 1;
				LastSwiftUpdateCheck = 1430;
				LastUpgradeCheck = 1500;
				TargetAttributes = {
					874BCB342B09C348009758A6 = {
						CreatedOnToolsVersion = 14.3.1;
						TestTargetID = A858D2832ACDADB500A17CCD;
					};
					A858D2832ACDADB500A17CCD = {
						CreatedOnToolsVersion = 15.0;
					};
					D7C865572AF14FFB00DFFE52 = {
						CreatedOnToolsVersion = 14.3;
						TestTargetID = A858D2832ACDADB500A17CCD;
					};
				};
			};
			buildConfigurationList = A858D27F2ACDADB500A17CCD /* Build configuration list for PBXProject "VccRide" */;
			compatibilityVersion = "Xcode 14.0";
			developmentRegion = en;
			hasScannedForEncodings = 0;
			knownRegions = (
				en,
				Base,
			);
			mainGroup = A858D27B2ACDADB500A17CCD;
			packageReferences = (
				A858D29D2ACDC6C000A17CCD /* XCRemoteSwiftPackageReference "firebase-ios-sdk" */,
				A844CE852ACE0A6200EC44C2 /* XCRemoteSwiftPackageReference "GoogleSignIn-iOS" */,
			);
			productRefGroup = A858D2852ACDADB500A17CCD /* Products */;
			projectDirPath = "";
			projectRoot = "";
			targets = (
				A858D2832ACDADB500A17CCD /* VccRide */,
				D7C865572AF14FFB00DFFE52 /* VccRideTests */,
				874BCB342B09C348009758A6 /* VccRideUITests */,
			);
		};
/* End PBXProject section */

/* Begin PBXResourcesBuildPhase section */
		874BCB332B09C348009758A6 /* Resources */ = {
			isa = PBXResourcesBuildPhase;
			buildActionMask = 2147483647;
			files = (
			);
			runOnlyForDeploymentPostprocessing = 0;
		};
		A858D2822ACDADB500A17CCD /* Resources */ = {
			isa = PBXResourcesBuildPhase;
			buildActionMask = 2147483647;
			files = (
				A858D28F2ACDADC700A17CCD /* Preview Assets.xcassets in Resources */,
				D71B9E252AD09C5400144928 /* GoogleService-Info.plist in Resources */,
				A858D28C2ACDADC700A17CCD /* Assets.xcassets in Resources */,
			);
			runOnlyForDeploymentPostprocessing = 0;
		};
		D7C865562AF14FFB00DFFE52 /* Resources */ = {
			isa = PBXResourcesBuildPhase;
			buildActionMask = 2147483647;
			files = (
			);
			runOnlyForDeploymentPostprocessing = 0;
		};
/* End PBXResourcesBuildPhase section */

/* Begin PBXSourcesBuildPhase section */
		874BCB312B09C348009758A6 /* Sources */ = {
			isa = PBXSourcesBuildPhase;
			buildActionMask = 2147483647;
			files = (
				874BCB432B09C612009758A6 /* AdminViewUI.swift in Sources */,
			);
			runOnlyForDeploymentPostprocessing = 0;
		};
		A858D2802ACDADB500A17CCD /* Sources */ = {
			isa = PBXSourcesBuildPhase;
			buildActionMask = 2147483647;
			files = (
				D771DECC2ACF561400E79153 /* ContentView.swift in Sources */,
				D7C99FB62B17F38A0056C5A9 /* NoPracticeView.swift in Sources */,
				D7A1EAFC2AD2569C0075A4B2 /* AdminCalendar.swift in Sources */,
				D71B9E162AD058DA00144928 /* DriverView.swift in Sources */,
				D71B9E1D2AD05C3A00144928 /* CalendarView.swift in Sources */,
				D71B9E232AD0732800144928 /* LoginView.swift in Sources */,
				D771DED22ACF575C00E79153 /* MainView.swift in Sources */,
				D71B9E182AD058E100144928 /* RiderView.swift in Sources */,
				D7B65DA82AD5A5F200D2701B /* AdminPeopleView.swift in Sources */,
				A844CE8E2ACE0EEA00EC44C2 /* Application.swift in Sources */,
				D72538AC2B1A697D00CE1B73 /* AttendanceFormView.swift in Sources */,
				D73273B32ADE1C6600F5DA44 /* DailyViewModel.swift in Sources */,
				D71B9E112AD053FF00144928 /* AdminView.swift in Sources */,
				A858D2D52ACDC73F00A17CCD /* FirebaseUtil.swift in Sources */,
				D792DB2A2AF45BAB003D2E8E /* StartupScreen.swift in Sources */,
				D71B9E1F2AD05C4100144928 /* StatsView.swift in Sources */,
				D79C3FA42B1D6847002BECD1 /* DriverModel.swift in Sources */,
				A858D2D72ACDCD5F00A17CCD /* ImagePickerView.swift in Sources */,
				D792DB252AF42769003D2E8E /* ListDriversView.swift in Sources */,
				D7B65D982AD25BCE00D2701B /* UserViewModel.swift in Sources */,
				A858D2882ACDADB500A17CCD /* VccRideApp.swift in Sources */,
				D7A0B1272AD7252500FC5AAC /* SignInJailView.swift in Sources */,
				D72538AA2B19233E00CE1B73 /* SettingsView.swift in Sources */,
			);
			runOnlyForDeploymentPostprocessing = 0;
		};
		D7C865542AF14FFB00DFFE52 /* Sources */ = {
			isa = PBXSourcesBuildPhase;
			buildActionMask = 2147483647;
			files = (
				87401F0D2B02FA7600002639 /* RiderTests.swift in Sources */,
			);
			runOnlyForDeploymentPostprocessing = 0;
		};
/* End PBXSourcesBuildPhase section */

/* Begin PBXTargetDependency section */
		874BCB3C2B09C348009758A6 /* PBXTargetDependency */ = {
			isa = PBXTargetDependency;
			target = A858D2832ACDADB500A17CCD /* VccRide */;
			targetProxy = 874BCB3B2B09C348009758A6 /* PBXContainerItemProxy */;
		};
		D7C8655D2AF14FFB00DFFE52 /* PBXTargetDependency */ = {
			isa = PBXTargetDependency;
			target = A858D2832ACDADB500A17CCD /* VccRide */;
			targetProxy = D7C8655C2AF14FFB00DFFE52 /* PBXContainerItemProxy */;
		};
/* End PBXTargetDependency section */

/* Begin XCBuildConfiguration section */
		874BCB3D2B09C348009758A6 /* Debug */ = {
			isa = XCBuildConfiguration;
			buildSettings = {
				CODE_SIGN_STYLE = Automatic;
				CURRENT_PROJECT_VERSION = 1;
				DEVELOPMENT_TEAM = SM72TUJ6AR;
				GCC_C_LANGUAGE_STANDARD = gnu11;
				GENERATE_INFOPLIST_FILE = YES;
				IPHONEOS_DEPLOYMENT_TARGET = 16.4;
				MARKETING_VERSION = 1.0;
				PRODUCT_BUNDLE_IDENTIFIER = vcc.VccRideUITests;
				PRODUCT_NAME = "$(TARGET_NAME)";
				SWIFT_ACTIVE_COMPILATION_CONDITIONS = DEBUG;
				SWIFT_EMIT_LOC_STRINGS = NO;
				SWIFT_VERSION = 5.0;
				TARGETED_DEVICE_FAMILY = 1;
				TEST_TARGET_NAME = VccRide;
			};
			name = Debug;
		};
		874BCB3E2B09C348009758A6 /* Release */ = {
			isa = XCBuildConfiguration;
			buildSettings = {
				CODE_SIGN_STYLE = Automatic;
				CURRENT_PROJECT_VERSION = 1;
				DEVELOPMENT_TEAM = SM72TUJ6AR;
				GCC_C_LANGUAGE_STANDARD = gnu11;
				GENERATE_INFOPLIST_FILE = YES;
				IPHONEOS_DEPLOYMENT_TARGET = 16.4;
				MARKETING_VERSION = 1.0;
				PRODUCT_BUNDLE_IDENTIFIER = vcc.VccRideUITests;
				PRODUCT_NAME = "$(TARGET_NAME)";
				SWIFT_EMIT_LOC_STRINGS = NO;
				SWIFT_OPTIMIZATION_LEVEL = "-O";
				SWIFT_VERSION = 5.0;
				TARGETED_DEVICE_FAMILY = 1;
				TEST_TARGET_NAME = VccRide;
			};
			name = Release;
		};
		A858D2902ACDADC700A17CCD /* Debug */ = {
			isa = XCBuildConfiguration;
			buildSettings = {
				ALWAYS_SEARCH_USER_PATHS = NO;
				ASSETCATALOG_COMPILER_GENERATE_SWIFT_ASSET_SYMBOL_EXTENSIONS = YES;
				CLANG_ANALYZER_NONNULL = YES;
				CLANG_ANALYZER_NUMBER_OBJECT_CONVERSION = YES_AGGRESSIVE;
				CLANG_CXX_LANGUAGE_STANDARD = "gnu++20";
				CLANG_ENABLE_MODULES = YES;
				CLANG_ENABLE_OBJC_ARC = YES;
				CLANG_ENABLE_OBJC_WEAK = YES;
				CLANG_WARN_BLOCK_CAPTURE_AUTORELEASING = YES;
				CLANG_WARN_BOOL_CONVERSION = YES;
				CLANG_WARN_COMMA = YES;
				CLANG_WARN_CONSTANT_CONVERSION = YES;
				CLANG_WARN_DEPRECATED_OBJC_IMPLEMENTATIONS = YES;
				CLANG_WARN_DIRECT_OBJC_ISA_USAGE = YES_ERROR;
				CLANG_WARN_DOCUMENTATION_COMMENTS = YES;
				CLANG_WARN_EMPTY_BODY = YES;
				CLANG_WARN_ENUM_CONVERSION = YES;
				CLANG_WARN_INFINITE_RECURSION = YES;
				CLANG_WARN_INT_CONVERSION = YES;
				CLANG_WARN_NON_LITERAL_NULL_CONVERSION = YES;
				CLANG_WARN_OBJC_IMPLICIT_RETAIN_SELF = YES;
				CLANG_WARN_OBJC_LITERAL_CONVERSION = YES;
				CLANG_WARN_OBJC_ROOT_CLASS = YES_ERROR;
				CLANG_WARN_QUOTED_INCLUDE_IN_FRAMEWORK_HEADER = YES;
				CLANG_WARN_RANGE_LOOP_ANALYSIS = YES;
				CLANG_WARN_STRICT_PROTOTYPES = YES;
				CLANG_WARN_SUSPICIOUS_MOVE = YES;
				CLANG_WARN_UNGUARDED_AVAILABILITY = YES_AGGRESSIVE;
				CLANG_WARN_UNREACHABLE_CODE = YES;
				CLANG_WARN__DUPLICATE_METHOD_MATCH = YES;
				COPY_PHASE_STRIP = NO;
				DEBUG_INFORMATION_FORMAT = dwarf;
				ENABLE_STRICT_OBJC_MSGSEND = YES;
				ENABLE_TESTABILITY = YES;
				ENABLE_USER_SCRIPT_SANDBOXING = YES;
				EXCLUDED_ARCHS = "";
				GCC_C_LANGUAGE_STANDARD = gnu17;
				GCC_DYNAMIC_NO_PIC = NO;
				GCC_NO_COMMON_BLOCKS = YES;
				GCC_OPTIMIZATION_LEVEL = 0;
				GCC_PREPROCESSOR_DEFINITIONS = (
					"DEBUG=1",
					"$(inherited)",
				);
				GCC_WARN_64_TO_32_BIT_CONVERSION = YES;
				GCC_WARN_ABOUT_RETURN_TYPE = YES_ERROR;
				GCC_WARN_UNDECLARED_SELECTOR = YES;
				GCC_WARN_UNINITIALIZED_AUTOS = YES_AGGRESSIVE;
				GCC_WARN_UNUSED_FUNCTION = YES;
				GCC_WARN_UNUSED_VARIABLE = YES;
				IPHONEOS_DEPLOYMENT_TARGET = 17.0;
				LOCALIZATION_PREFERS_STRING_CATALOGS = YES;
				MTL_ENABLE_DEBUG_INFO = INCLUDE_SOURCE;
				MTL_FAST_MATH = YES;
				ONLY_ACTIVE_ARCH = YES;
				RESOURCES_TARGETED_DEVICE_FAMILY = "";
				SDKROOT = iphoneos;
				SWIFT_ACTIVE_COMPILATION_CONDITIONS = "DEBUG $(inherited)";
				SWIFT_OPTIMIZATION_LEVEL = "-Onone";
			};
			name = Debug;
		};
		A858D2912ACDADC700A17CCD /* Release */ = {
			isa = XCBuildConfiguration;
			buildSettings = {
				ALWAYS_SEARCH_USER_PATHS = NO;
				ASSETCATALOG_COMPILER_GENERATE_SWIFT_ASSET_SYMBOL_EXTENSIONS = YES;
				CLANG_ANALYZER_NONNULL = YES;
				CLANG_ANALYZER_NUMBER_OBJECT_CONVERSION = YES_AGGRESSIVE;
				CLANG_CXX_LANGUAGE_STANDARD = "gnu++20";
				CLANG_ENABLE_MODULES = YES;
				CLANG_ENABLE_OBJC_ARC = YES;
				CLANG_ENABLE_OBJC_WEAK = YES;
				CLANG_WARN_BLOCK_CAPTURE_AUTORELEASING = YES;
				CLANG_WARN_BOOL_CONVERSION = YES;
				CLANG_WARN_COMMA = YES;
				CLANG_WARN_CONSTANT_CONVERSION = YES;
				CLANG_WARN_DEPRECATED_OBJC_IMPLEMENTATIONS = YES;
				CLANG_WARN_DIRECT_OBJC_ISA_USAGE = YES_ERROR;
				CLANG_WARN_DOCUMENTATION_COMMENTS = YES;
				CLANG_WARN_EMPTY_BODY = YES;
				CLANG_WARN_ENUM_CONVERSION = YES;
				CLANG_WARN_INFINITE_RECURSION = YES;
				CLANG_WARN_INT_CONVERSION = YES;
				CLANG_WARN_NON_LITERAL_NULL_CONVERSION = YES;
				CLANG_WARN_OBJC_IMPLICIT_RETAIN_SELF = YES;
				CLANG_WARN_OBJC_LITERAL_CONVERSION = YES;
				CLANG_WARN_OBJC_ROOT_CLASS = YES_ERROR;
				CLANG_WARN_QUOTED_INCLUDE_IN_FRAMEWORK_HEADER = YES;
				CLANG_WARN_RANGE_LOOP_ANALYSIS = YES;
				CLANG_WARN_STRICT_PROTOTYPES = YES;
				CLANG_WARN_SUSPICIOUS_MOVE = YES;
				CLANG_WARN_UNGUARDED_AVAILABILITY = YES_AGGRESSIVE;
				CLANG_WARN_UNREACHABLE_CODE = YES;
				CLANG_WARN__DUPLICATE_METHOD_MATCH = YES;
				COPY_PHASE_STRIP = NO;
				DEBUG_INFORMATION_FORMAT = "dwarf-with-dsym";
				ENABLE_NS_ASSERTIONS = NO;
				ENABLE_STRICT_OBJC_MSGSEND = YES;
				ENABLE_USER_SCRIPT_SANDBOXING = YES;
				EXCLUDED_ARCHS = "";
				GCC_C_LANGUAGE_STANDARD = gnu17;
				GCC_NO_COMMON_BLOCKS = YES;
				GCC_WARN_64_TO_32_BIT_CONVERSION = YES;
				GCC_WARN_ABOUT_RETURN_TYPE = YES_ERROR;
				GCC_WARN_UNDECLARED_SELECTOR = YES;
				GCC_WARN_UNINITIALIZED_AUTOS = YES_AGGRESSIVE;
				GCC_WARN_UNUSED_FUNCTION = YES;
				GCC_WARN_UNUSED_VARIABLE = YES;
				IPHONEOS_DEPLOYMENT_TARGET = 17.0;
				LOCALIZATION_PREFERS_STRING_CATALOGS = YES;
				MTL_ENABLE_DEBUG_INFO = NO;
				MTL_FAST_MATH = YES;
				RESOURCES_TARGETED_DEVICE_FAMILY = "";
				SDKROOT = iphoneos;
				SWIFT_COMPILATION_MODE = wholemodule;
				VALIDATE_PRODUCT = YES;
			};
			name = Release;
		};
		A858D2932ACDADC700A17CCD /* Debug */ = {
			isa = XCBuildConfiguration;
			buildSettings = {
				ASSETCATALOG_COMPILER_APPICON_NAME = AppIcon;
				ASSETCATALOG_COMPILER_GLOBAL_ACCENT_COLOR_NAME = AccentColor;
				ASSETCATALOG_COMPILER_INCLUDE_ALL_APPICON_ASSETS = NO;
				CODE_SIGN_ENTITLEMENTS = VccRide/VccRide.entitlements;
				CODE_SIGN_IDENTITY = "Apple Development";
				"CODE_SIGN_IDENTITY[sdk=iphoneos*]" = "iPhone Developer";
				CODE_SIGN_STYLE = Manual;
				CURRENT_PROJECT_VERSION = 1;
				DEVELOPMENT_ASSET_PATHS = "\"VccRide/Preview Content\"";
				DEVELOPMENT_TEAM = "";
				"DEVELOPMENT_TEAM[sdk=iphoneos*]" = H22V7CR7C4;
				ENABLE_PREVIEWS = YES;
				GENERATE_INFOPLIST_FILE = YES;
				INFOPLIST_FILE = VccRide/Info.plist;
				INFOPLIST_KEY_UIApplicationSceneManifest_Generation = YES;
				INFOPLIST_KEY_UIApplicationSupportsIndirectInputEvents = YES;
				INFOPLIST_KEY_UILaunchScreen_Generation = YES;
				INFOPLIST_KEY_UISupportedInterfaceOrientations_iPad = "UIInterfaceOrientationPortrait UIInterfaceOrientationPortraitUpsideDown UIInterfaceOrientationLandscapeLeft UIInterfaceOrientationLandscapeRight";
				INFOPLIST_KEY_UISupportedInterfaceOrientations_iPhone = "UIInterfaceOrientationPortrait UIInterfaceOrientationLandscapeLeft UIInterfaceOrientationLandscapeRight";
				IPHONEOS_DEPLOYMENT_TARGET = 16.1;
				LD_RUNPATH_SEARCH_PATHS = (
					"$(inherited)",
					"@executable_path/Frameworks",
				);
				MARKETING_VERSION = 1.0;
				PRODUCT_BUNDLE_IDENTIFIER = vccride.vanderbilt.apple.app;
				PRODUCT_NAME = "$(TARGET_NAME)";
				PROVISIONING_PROFILE_SPECIFIER = "";
				"PROVISIONING_PROFILE_SPECIFIER[sdk=iphoneos*]" = "Prov Prof 3";
				SWIFT_EMIT_LOC_STRINGS = YES;
				SWIFT_VERSION = 5.0;
				TARGETED_DEVICE_FAMILY = 1;
			};
			name = Debug;
		};
		A858D2942ACDADC700A17CCD /* Release */ = {
			isa = XCBuildConfiguration;
			buildSettings = {
				ASSETCATALOG_COMPILER_APPICON_NAME = AppIcon;
				ASSETCATALOG_COMPILER_GLOBAL_ACCENT_COLOR_NAME = AccentColor;
				ASSETCATALOG_COMPILER_INCLUDE_ALL_APPICON_ASSETS = NO;
				CODE_SIGN_ENTITLEMENTS = VccRide/VccRide.entitlements;
				CODE_SIGN_IDENTITY = "Apple Development";
				"CODE_SIGN_IDENTITY[sdk=iphoneos*]" = "iPhone Developer";
				CODE_SIGN_STYLE = Manual;
				CURRENT_PROJECT_VERSION = 1;
				DEVELOPMENT_ASSET_PATHS = "\"VccRide/Preview Content\"";
				DEVELOPMENT_TEAM = "";
				"DEVELOPMENT_TEAM[sdk=iphoneos*]" = H22V7CR7C4;
				ENABLE_PREVIEWS = YES;
				GENERATE_INFOPLIST_FILE = YES;
				INFOPLIST_FILE = VccRide/Info.plist;
				INFOPLIST_KEY_UIApplicationSceneManifest_Generation = YES;
				INFOPLIST_KEY_UIApplicationSupportsIndirectInputEvents = YES;
				INFOPLIST_KEY_UILaunchScreen_Generation = YES;
				INFOPLIST_KEY_UISupportedInterfaceOrientations_iPad = "UIInterfaceOrientationPortrait UIInterfaceOrientationPortraitUpsideDown UIInterfaceOrientationLandscapeLeft UIInterfaceOrientationLandscapeRight";
				INFOPLIST_KEY_UISupportedInterfaceOrientations_iPhone = "UIInterfaceOrientationPortrait UIInterfaceOrientationLandscapeLeft UIInterfaceOrientationLandscapeRight";
				IPHONEOS_DEPLOYMENT_TARGET = 16.1;
				LD_RUNPATH_SEARCH_PATHS = (
					"$(inherited)",
					"@executable_path/Frameworks",
				);
				MARKETING_VERSION = 1.0;
				PRODUCT_BUNDLE_IDENTIFIER = vccride.vanderbilt.apple.app;
				PRODUCT_NAME = "$(TARGET_NAME)";
				PROVISIONING_PROFILE_SPECIFIER = "";
				"PROVISIONING_PROFILE_SPECIFIER[sdk=iphoneos*]" = "Prov Prof 3";
				SWIFT_EMIT_LOC_STRINGS = YES;
				SWIFT_VERSION = 5.0;
				TARGETED_DEVICE_FAMILY = 1;
			};
			name = Release;
		};
		D7C8655E2AF14FFB00DFFE52 /* Debug */ = {
			isa = XCBuildConfiguration;
			buildSettings = {
				BUNDLE_LOADER = "$(TEST_HOST)";
				CODE_SIGN_STYLE = Automatic;
				CURRENT_PROJECT_VERSION = 1;
				DEVELOPMENT_TEAM = "";
				ENABLE_ON_DEMAND_RESOURCES = NO;
				GCC_C_LANGUAGE_STANDARD = gnu11;
				GENERATE_INFOPLIST_FILE = YES;
				HEADER_SEARCH_PATHS = "${SRCROOT}/Pods/Firebase/CoreOnly/Sources";
				INFOPLIST_FILE = "";
				IPHONEOS_DEPLOYMENT_TARGET = 16.4;
				MACOSX_DEPLOYMENT_TARGET = 13.3;
				MARKETING_VERSION = 1.0;
				PRODUCT_BUNDLE_IDENTIFIER = rocks.VccRideTests;
				PRODUCT_NAME = "$(TARGET_NAME)";
				SDKROOT = iphoneos;
				SUPPORTED_PLATFORMS = "iphoneos iphonesimulator macosx";
				SWIFT_ACTIVE_COMPILATION_CONDITIONS = DEBUG;
				SWIFT_EMIT_LOC_STRINGS = NO;
				SWIFT_VERSION = 5.0;
				TARGETED_DEVICE_FAMILY = 1;
				TEST_HOST = "$(BUILT_PRODUCTS_DIR)/VccRide.app/$(BUNDLE_EXECUTABLE_FOLDER_PATH)/VccRide";
			};
			name = Debug;
		};
		D7C8655F2AF14FFB00DFFE52 /* Release */ = {
			isa = XCBuildConfiguration;
			buildSettings = {
				BUNDLE_LOADER = "$(TEST_HOST)";
				CODE_SIGN_STYLE = Automatic;
				CURRENT_PROJECT_VERSION = 1;
				DEVELOPMENT_TEAM = "";
				ENABLE_ON_DEMAND_RESOURCES = NO;
				GCC_C_LANGUAGE_STANDARD = gnu11;
				GENERATE_INFOPLIST_FILE = YES;
				HEADER_SEARCH_PATHS = "${SRCROOT}/Pods/Firebase/CoreOnly/Sources";
				INFOPLIST_FILE = "";
				IPHONEOS_DEPLOYMENT_TARGET = 16.4;
				MACOSX_DEPLOYMENT_TARGET = 13.3;
				MARKETING_VERSION = 1.0;
				PRODUCT_BUNDLE_IDENTIFIER = rocks.VccRideTests;
				PRODUCT_NAME = "$(TARGET_NAME)";
				SDKROOT = iphoneos;
				SUPPORTED_PLATFORMS = "iphoneos iphonesimulator macosx";
				SWIFT_EMIT_LOC_STRINGS = NO;
				SWIFT_OPTIMIZATION_LEVEL = "-O";
				SWIFT_VERSION = 5.0;
				TARGETED_DEVICE_FAMILY = 1;
				TEST_HOST = "$(BUILT_PRODUCTS_DIR)/VccRide.app/$(BUNDLE_EXECUTABLE_FOLDER_PATH)/VccRide";
			};
			name = Release;
		};
/* End XCBuildConfiguration section */

/* Begin XCConfigurationList section */
		874BCB3F2B09C348009758A6 /* Build configuration list for PBXNativeTarget "VccRideUITests" */ = {
			isa = XCConfigurationList;
			buildConfigurations = (
				874BCB3D2B09C348009758A6 /* Debug */,
				874BCB3E2B09C348009758A6 /* Release */,
			);
			defaultConfigurationIsVisible = 0;
			defaultConfigurationName = Release;
		};
		A858D27F2ACDADB500A17CCD /* Build configuration list for PBXProject "VccRide" */ = {
			isa = XCConfigurationList;
			buildConfigurations = (
				A858D2902ACDADC700A17CCD /* Debug */,
				A858D2912ACDADC700A17CCD /* Release */,
			);
			defaultConfigurationIsVisible = 0;
			defaultConfigurationName = Release;
		};
		A858D2922ACDADC700A17CCD /* Build configuration list for PBXNativeTarget "VccRide" */ = {
			isa = XCConfigurationList;
			buildConfigurations = (
				A858D2932ACDADC700A17CCD /* Debug */,
				A858D2942ACDADC700A17CCD /* Release */,
			);
			defaultConfigurationIsVisible = 0;
			defaultConfigurationName = Release;
		};
		D7C865602AF14FFB00DFFE52 /* Build configuration list for PBXNativeTarget "VccRideTests" */ = {
			isa = XCConfigurationList;
			buildConfigurations = (
				D7C8655E2AF14FFB00DFFE52 /* Debug */,
				D7C8655F2AF14FFB00DFFE52 /* Release */,
			);
			defaultConfigurationIsVisible = 0;
			defaultConfigurationName = Release;
		};
/* End XCConfigurationList section */

/* Begin XCRemoteSwiftPackageReference section */
		A844CE852ACE0A6200EC44C2 /* XCRemoteSwiftPackageReference "GoogleSignIn-iOS" */ = {
			isa = XCRemoteSwiftPackageReference;
			repositoryURL = "https://github.com/google/GoogleSignIn-iOS";
			requirement = {
				kind = upToNextMajorVersion;
				minimumVersion = 7.0.0;
			};
		};
		A858D29D2ACDC6C000A17CCD /* XCRemoteSwiftPackageReference "firebase-ios-sdk" */ = {
			isa = XCRemoteSwiftPackageReference;
			repositoryURL = "https://github.com/firebase/firebase-ios-sdk";
			requirement = {
				kind = upToNextMajorVersion;
				minimumVersion = 10.16.0;
			};
		};
/* End XCRemoteSwiftPackageReference section */

/* Begin XCSwiftPackageProductDependency section */
		873333112B02C45B00418ECB /* FirebaseDatabase */ = {
			isa = XCSwiftPackageProductDependency;
			package = A858D29D2ACDC6C000A17CCD /* XCRemoteSwiftPackageReference "firebase-ios-sdk" */;
			productName = FirebaseDatabase;
		};
		873333132B02C46E00418ECB /* GoogleSignIn */ = {
			isa = XCSwiftPackageProductDependency;
			package = A844CE852ACE0A6200EC44C2 /* XCRemoteSwiftPackageReference "GoogleSignIn-iOS" */;
			productName = GoogleSignIn;
		};
		873333152B02C4A200418ECB /* GoogleSignInSwift */ = {
			isa = XCSwiftPackageProductDependency;
			package = A844CE852ACE0A6200EC44C2 /* XCRemoteSwiftPackageReference "GoogleSignIn-iOS" */;
			productName = GoogleSignInSwift;
		};
		873437CE2B1AB67C003C267E /* FirebaseAuth */ = {
			isa = XCSwiftPackageProductDependency;
			package = A858D29D2ACDC6C000A17CCD /* XCRemoteSwiftPackageReference "firebase-ios-sdk" */;
			productName = FirebaseAuth;
		};
		873437D02B1AB680003C267E /* FirebaseAuth */ = {
			isa = XCSwiftPackageProductDependency;
			package = A858D29D2ACDC6C000A17CCD /* XCRemoteSwiftPackageReference "firebase-ios-sdk" */;
			productName = FirebaseAuth;
		};
		A844CE862ACE0A6200EC44C2 /* GoogleSignIn */ = {
			isa = XCSwiftPackageProductDependency;
			package = A844CE852ACE0A6200EC44C2 /* XCRemoteSwiftPackageReference "GoogleSignIn-iOS" */;
			productName = GoogleSignIn;
		};
		A844CE882ACE0A6200EC44C2 /* GoogleSignInSwift */ = {
			isa = XCSwiftPackageProductDependency;
			package = A844CE852ACE0A6200EC44C2 /* XCRemoteSwiftPackageReference "GoogleSignIn-iOS" */;
			productName = GoogleSignInSwift;
		};
		A858D29E2ACDC6C000A17CCD /* FirebaseAnalytics */ = {
			isa = XCSwiftPackageProductDependency;
			package = A858D29D2ACDC6C000A17CCD /* XCRemoteSwiftPackageReference "firebase-ios-sdk" */;
			productName = FirebaseAnalytics;
		};
		A858D2A02ACDC6C000A17CCD /* FirebaseAnalyticsOnDeviceConversion */ = {
			isa = XCSwiftPackageProductDependency;
			package = A858D29D2ACDC6C000A17CCD /* XCRemoteSwiftPackageReference "firebase-ios-sdk" */;
			productName = FirebaseAnalyticsOnDeviceConversion;
		};
		A858D2A22ACDC6C000A17CCD /* FirebaseAnalyticsSwift */ = {
			isa = XCSwiftPackageProductDependency;
			package = A858D29D2ACDC6C000A17CCD /* XCRemoteSwiftPackageReference "firebase-ios-sdk" */;
			productName = FirebaseAnalyticsSwift;
		};
		A858D2A42ACDC6C000A17CCD /* FirebaseAnalyticsWithoutAdIdSupport */ = {
			isa = XCSwiftPackageProductDependency;
			package = A858D29D2ACDC6C000A17CCD /* XCRemoteSwiftPackageReference "firebase-ios-sdk" */;
			productName = FirebaseAnalyticsWithoutAdIdSupport;
		};
		A858D2A62ACDC6C000A17CCD /* FirebaseAppCheck */ = {
			isa = XCSwiftPackageProductDependency;
			package = A858D29D2ACDC6C000A17CCD /* XCRemoteSwiftPackageReference "firebase-ios-sdk" */;
			productName = FirebaseAppCheck;
		};
		A858D2A82ACDC6C000A17CCD /* FirebaseAppDistribution-Beta */ = {
			isa = XCSwiftPackageProductDependency;
			package = A858D29D2ACDC6C000A17CCD /* XCRemoteSwiftPackageReference "firebase-ios-sdk" */;
			productName = "FirebaseAppDistribution-Beta";
		};
		A858D2AA2ACDC6C000A17CCD /* FirebaseAuth */ = {
			isa = XCSwiftPackageProductDependency;
			package = A858D29D2ACDC6C000A17CCD /* XCRemoteSwiftPackageReference "firebase-ios-sdk" */;
			productName = FirebaseAuth;
		};
		A858D2AC2ACDC6C000A17CCD /* FirebaseAuthCombine-Community */ = {
			isa = XCSwiftPackageProductDependency;
			package = A858D29D2ACDC6C000A17CCD /* XCRemoteSwiftPackageReference "firebase-ios-sdk" */;
			productName = "FirebaseAuthCombine-Community";
		};
		A858D2AE2ACDC6C000A17CCD /* FirebaseCrashlytics */ = {
			isa = XCSwiftPackageProductDependency;
			package = A858D29D2ACDC6C000A17CCD /* XCRemoteSwiftPackageReference "firebase-ios-sdk" */;
			productName = FirebaseCrashlytics;
		};
		A858D2B02ACDC6C000A17CCD /* FirebaseDatabase */ = {
			isa = XCSwiftPackageProductDependency;
			package = A858D29D2ACDC6C000A17CCD /* XCRemoteSwiftPackageReference "firebase-ios-sdk" */;
			productName = FirebaseDatabase;
		};
		A858D2B22ACDC6C000A17CCD /* FirebaseDatabaseSwift */ = {
			isa = XCSwiftPackageProductDependency;
			package = A858D29D2ACDC6C000A17CCD /* XCRemoteSwiftPackageReference "firebase-ios-sdk" */;
			productName = FirebaseDatabaseSwift;
		};
		A858D2B42ACDC6C000A17CCD /* FirebaseDynamicLinks */ = {
			isa = XCSwiftPackageProductDependency;
			package = A858D29D2ACDC6C000A17CCD /* XCRemoteSwiftPackageReference "firebase-ios-sdk" */;
			productName = FirebaseDynamicLinks;
		};
		A858D2B62ACDC6C000A17CCD /* FirebaseFirestore */ = {
			isa = XCSwiftPackageProductDependency;
			package = A858D29D2ACDC6C000A17CCD /* XCRemoteSwiftPackageReference "firebase-ios-sdk" */;
			productName = FirebaseFirestore;
		};
		A858D2B82ACDC6C000A17CCD /* FirebaseFirestoreCombine-Community */ = {
			isa = XCSwiftPackageProductDependency;
			package = A858D29D2ACDC6C000A17CCD /* XCRemoteSwiftPackageReference "firebase-ios-sdk" */;
			productName = "FirebaseFirestoreCombine-Community";
		};
		A858D2BA2ACDC6C000A17CCD /* FirebaseFirestoreSwift */ = {
			isa = XCSwiftPackageProductDependency;
			package = A858D29D2ACDC6C000A17CCD /* XCRemoteSwiftPackageReference "firebase-ios-sdk" */;
			productName = FirebaseFirestoreSwift;
		};
		A858D2BC2ACDC6C000A17CCD /* FirebaseFunctions */ = {
			isa = XCSwiftPackageProductDependency;
			package = A858D29D2ACDC6C000A17CCD /* XCRemoteSwiftPackageReference "firebase-ios-sdk" */;
			productName = FirebaseFunctions;
		};
		A858D2BE2ACDC6C000A17CCD /* FirebaseFunctionsCombine-Community */ = {
			isa = XCSwiftPackageProductDependency;
			package = A858D29D2ACDC6C000A17CCD /* XCRemoteSwiftPackageReference "firebase-ios-sdk" */;
			productName = "FirebaseFunctionsCombine-Community";
		};
		A858D2C02ACDC6C000A17CCD /* FirebaseInAppMessaging-Beta */ = {
			isa = XCSwiftPackageProductDependency;
			package = A858D29D2ACDC6C000A17CCD /* XCRemoteSwiftPackageReference "firebase-ios-sdk" */;
			productName = "FirebaseInAppMessaging-Beta";
		};
		A858D2C22ACDC6C000A17CCD /* FirebaseInAppMessagingSwift-Beta */ = {
			isa = XCSwiftPackageProductDependency;
			package = A858D29D2ACDC6C000A17CCD /* XCRemoteSwiftPackageReference "firebase-ios-sdk" */;
			productName = "FirebaseInAppMessagingSwift-Beta";
		};
		A858D2C42ACDC6C000A17CCD /* FirebaseInstallations */ = {
			isa = XCSwiftPackageProductDependency;
			package = A858D29D2ACDC6C000A17CCD /* XCRemoteSwiftPackageReference "firebase-ios-sdk" */;
			productName = FirebaseInstallations;
		};
		A858D2C62ACDC6C000A17CCD /* FirebaseMLModelDownloader */ = {
			isa = XCSwiftPackageProductDependency;
			package = A858D29D2ACDC6C000A17CCD /* XCRemoteSwiftPackageReference "firebase-ios-sdk" */;
			productName = FirebaseMLModelDownloader;
		};
		A858D2C82ACDC6C000A17CCD /* FirebaseMessaging */ = {
			isa = XCSwiftPackageProductDependency;
			package = A858D29D2ACDC6C000A17CCD /* XCRemoteSwiftPackageReference "firebase-ios-sdk" */;
			productName = FirebaseMessaging;
		};
		A858D2CA2ACDC6C000A17CCD /* FirebasePerformance */ = {
			isa = XCSwiftPackageProductDependency;
			package = A858D29D2ACDC6C000A17CCD /* XCRemoteSwiftPackageReference "firebase-ios-sdk" */;
			productName = FirebasePerformance;
		};
		A858D2CC2ACDC6C000A17CCD /* FirebaseRemoteConfig */ = {
			isa = XCSwiftPackageProductDependency;
			package = A858D29D2ACDC6C000A17CCD /* XCRemoteSwiftPackageReference "firebase-ios-sdk" */;
			productName = FirebaseRemoteConfig;
		};
		A858D2CE2ACDC6C000A17CCD /* FirebaseRemoteConfigSwift */ = {
			isa = XCSwiftPackageProductDependency;
			package = A858D29D2ACDC6C000A17CCD /* XCRemoteSwiftPackageReference "firebase-ios-sdk" */;
			productName = FirebaseRemoteConfigSwift;
		};
		A858D2D02ACDC6C100A17CCD /* FirebaseStorage */ = {
			isa = XCSwiftPackageProductDependency;
			package = A858D29D2ACDC6C000A17CCD /* XCRemoteSwiftPackageReference "firebase-ios-sdk" */;
			productName = FirebaseStorage;
		};
		A858D2D22ACDC6C100A17CCD /* FirebaseStorageCombine-Community */ = {
			isa = XCSwiftPackageProductDependency;
			package = A858D29D2ACDC6C000A17CCD /* XCRemoteSwiftPackageReference "firebase-ios-sdk" */;
			productName = "FirebaseStorageCombine-Community";
		};
/* End XCSwiftPackageProductDependency section */
	};
	rootObject = A858D27C2ACDADB500A17CCD /* Project object */;
}
